#MicroXplorer Configuration settings - do not modify
CAD.formats=
CAD.pinconfig=
CAD.provider=
File.Version=6
GPIO.groupedBy=Group By Peripherals
I2C1.AddressingMode=I2C_ADDRESSINGMODE_7BIT
I2C1.Analog_Filter=I2C_ANALOGFILTER_ENABLE
I2C1.CustomTiming=Disabled
I2C1.I2C_Speed_Mode=I2C_Fast
I2C1.IPParameters=Timing,I2C_Speed_Mode,AddressingMode,Analog_Filter,CustomTiming
I2C1.Timing=0x00702787
KeepUserPlacement=false
Mcu.CPN=STM32H743ZIT6
Mcu.Family=STM32H7
Mcu.IP0=CORTEX_M7
Mcu.IP1=I2C1
Mcu.IP2=NVIC
Mcu.IP3=RCC
Mcu.IP4=SYS
Mcu.IP5=USART3
Mcu.IPNb=6
Mcu.Name=STM32H743ZITx
Mcu.Package=LQFP144
Mcu.Pin0=PC13
Mcu.Pin1=PC14-OSC32_IN (OSC32_IN)
Mcu.Pin10=PC4
Mcu.Pin11=PC5
Mcu.Pin12=PB0
Mcu.Pin13=PB1
Mcu.Pin14=PB13
Mcu.Pin15=PB14
Mcu.Pin16=PD8
Mcu.Pin17=PD9
Mcu.Pin18=PA8
Mcu.Pin19=PA9
Mcu.Pin2=PC15-OSC32_OUT (OSC32_OUT)
Mcu.Pin20=PA11
Mcu.Pin21=PA12
Mcu.Pin22=PG11
Mcu.Pin23=PG13
Mcu.Pin24=PB8
Mcu.Pin25=PB9
Mcu.Pin26=PE1
Mcu.Pin27=VP_SYS_VS_Systick
Mcu.Pin28=VP_STMicroelectronics.X-CUBE-EEPRMA1_VS_BoardOoExtensionJjEEPROM_5.1.0_5.1.0
Mcu.Pin29=VP_STMicroelectronics.X-CUBE-EEPRMA1_VS_DeviceJjEEPRMAIiApplications_5.1.0_5.1.0
Mcu.Pin3=PH0-OSC_IN (PH0)
Mcu.Pin4=PH1-OSC_OUT (PH1)
Mcu.Pin5=PC0
Mcu.Pin6=PC1
Mcu.Pin7=PA1
Mcu.Pin8=PA2
Mcu.Pin9=PA7
Mcu.PinsNb=30
Mcu.ThirdParty0=STMicroelectronics.X-CUBE-EEPRMA1.5.1.0
Mcu.ThirdPartyNb=1
Mcu.UserConstants=
Mcu.UserName=STM32H743ZITx
MxCube.Version=6.10.0
MxDb.Version=DB.6.0.100
NVIC.BusFault_IRQn=true\:0\:0\:false\:false\:true\:false\:false\:false
NVIC.DebugMonitor_IRQn=true\:0\:0\:false\:false\:true\:false\:false\:false
NVIC.ForceEnableDMAVector=true
NVIC.HardFault_IRQn=true\:0\:0\:false\:false\:true\:false\:false\:false
NVIC.MemoryManagement_IRQn=true\:0\:0\:false\:false\:true\:false\:false\:false
NVIC.NonMaskableInt_IRQn=true\:0\:0\:false\:false\:true\:false\:false\:false
NVIC.PendSV_IRQn=true\:0\:0\:false\:false\:true\:false\:false\:false
NVIC.PriorityGroup=NVIC_PRIORITYGROUP_4
NVIC.SVCall_IRQn=true\:0\:0\:false\:false\:true\:false\:false\:false
NVIC.SysTick_IRQn=true\:0\:0\:false\:false\:true\:false\:true\:false
NVIC.UsageFault_IRQn=true\:0\:0\:false\:false\:true\:false\:false\:false
PA1.Locked=true
PA1.Signal=ETH_REF_CLK
PA11.Locked=true
PA11.Signal=USB_OTG_FS_DM
PA12.Locked=true
PA12.Signal=USB_OTG_FS_DP
PA2.Locked=true
PA2.Signal=ETH_MDIO
PA7.Locked=true
PA7.Signal=ETH_CRS_DV
PA8.Locked=true
PA8.Signal=USB_OTG_FS_SOF
PA9.Locked=true
PA9.Signal=USB_OTG_FS_VBUS
PB0.GPIOParameters=GPIO_Label
PB0.GPIO_Label=LD1 [Green Led]
PB0.Locked=true
PB0.Signal=GPIO_Output
PB1.GPIOParameters=GPIO_PuPd,GPIO_Label,GPIO_ModeDefaultOutputPP
PB1.GPIO_Label=M24_WC2
PB1.GPIO_ModeDefaultOutputPP=GPIO_MODE_OUTPUT_OD
PB1.GPIO_PuPd=GPIO_NOPULL
PB1.Locked=true
PB1.Signal=GPIO_Output
PB13.Locked=true
PB13.Signal=ETH_TXD1
PB14.GPIOParameters=GPIO_Label
PB14.GPIO_Label=LD3 [Red Led]
PB14.Locked=true
PB14.Signal=GPIO_Output
PB8.GPIOParameters=GPIO_Speed,GPIO_Pu
PB8.GPIO_Pu=GPIO_PULLUP
PB8.GPIO_Speed=GPIO_SPEED_FREQ_VERY_HIGH
PB8.Locked=true
PB8.Mode=I2C
PB8.Signal=I2C1_SCL
PB9.GPIOParameters=GPIO_Speed,GPIO_Pu
PB9.GPIO_Pu=GPIO_PULLUP
PB9.GPIO_Speed=GPIO_SPEED_FREQ_VERY_HIGH
PB9.Locked=true
PB9.Mode=I2C
PB9.Signal=I2C1_SDA
PC0.GPIOParameters=GPIO_PuPd,GPIO_Label,GPIO_ModeDefaultOutputPP
PC0.GPIO_Label=M24_WC1
PC0.GPIO_ModeDefaultOutputPP=GPIO_MODE_OUTPUT_OD
PC0.GPIO_PuPd=GPIO_NOPULL
PC0.Locked=true
PC0.Signal=GPIO_Output
PC1.Locked=true
PC1.Signal=ETH_MDC
PC13.GPIOParameters=GPIO_Label
PC13.GPIO_Label=B1 [Blue PushButton]
PC13.Locked=true
PC13.Signal=GPIO_Input
PC14-OSC32_IN\ (OSC32_IN).Locked=true
PC14-OSC32_IN\ (OSC32_IN).Mode=LSE-External-Oscillator
PC14-OSC32_IN\ (OSC32_IN).Signal=RCC_OSC32_IN
PC15-OSC32_OUT\ (OSC32_OUT).Locked=true
PC15-OSC32_OUT\ (OSC32_OUT).Mode=LSE-External-Oscillator
PC15-OSC32_OUT\ (OSC32_OUT).Signal=RCC_OSC32_OUT
PC4.Locked=true
PC4.Signal=ETH_RXD0
PC5.Locked=true
PC5.Signal=ETH_RXD1
PD8.GPIOParameters=GPIO_Label
PD8.GPIO_Label=STLINK_RX
PD8.Locked=true
PD8.Mode=Asynchronous
PD8.Signal=USART3_TX
PD9.GPIOParameters=GPIO_Label
PD9.GPIO_Label=STLINK_TX
PD9.Locked=true
PD9.Mode=Asynchronous
PD9.Signal=USART3_RX
PE1.GPIOParameters=GPIO_Label
PE1.GPIO_Label=LD2 [Yellow Led]
PE1.Locked=true
PE1.Signal=GPIO_Output
PG11.Locked=true
PG11.Signal=ETH_TX_EN
PG13.Locked=true
PG13.Signal=ETH_TXD0
PH0-OSC_IN\ (PH0).Locked=true
PH0-OSC_IN\ (PH0).Mode=HSE-External-Clock-Source
PH0-OSC_IN\ (PH0).Signal=RCC_OSC_IN
PH1-OSC_OUT\ (PH1).Locked=true
PH1-OSC_OUT\ (PH1).Signal=RCC_OSC_OUT
PinOutPanel.RotationAngle=0
ProjectManager.AskForMigrate=true
ProjectManager.BackupPrevious=false
ProjectManager.CompilerOptimize=6
ProjectManager.ComputerToolchain=false
ProjectManager.CoupleFile=false
ProjectManager.CustomerFirmwarePackage=..\\..\\..\\..\\..
ProjectManager.DefaultFWLocation=false
ProjectManager.DeletePrevious=true
ProjectManager.DeviceId=STM32H743ZITx
ProjectManager.FreePins=false
ProjectManager.HalAssertFull=false
ProjectManager.HeapSize=0x200
ProjectManager.KeepUserCode=true
ProjectManager.LastFirmware=true
ProjectManager.LibraryCopy=2
ProjectManager.MainLocation=Src
ProjectManager.NoMain=false
ProjectManager.PreviousToolchain=
ProjectManager.ProjectBuild=false
ProjectManager.ProjectFileName=EEPROMRW.ioc
ProjectManager.ProjectName=EEPROMRW
ProjectManager.ProjectStructure=
ProjectManager.RegisterCallBack=
ProjectManager.StackSize=0x400
ProjectManager.TargetToolchain=EWARM V8.50
ProjectManager.ToolChainLocation=
ProjectManager.UAScriptAfterPath=
ProjectManager.UAScriptBeforePath=
ProjectManager.UnderRoot=false
ProjectManager.functionlistsort=1-SystemClock_Config-RCC-false-HAL-false,2-MX_GPIO_Init-GPIO-false-HAL-true,3-MX_EEPROM_Init-STMicroelectronics.X-CUBE-EEPRMA1.5.1.0-false-HAL-false,4-MX_EEPROM_Process-STMicroelectronics.X-CUBE-EEPRMA1.5.1.0-false-HAL-false,0-MX_CORTEX_M7_Init-CORTEX_M7-false-HAL-true
RCC.ADCFreq_Value=16125000
RCC.AHB12Freq_Value=75000000
RCC.AHB4Freq_Value=75000000
RCC.APB1Freq_Value=75000000
RCC.APB2Freq_Value=75000000
RCC.APB3Freq_Value=75000000
RCC.APB4Freq_Value=75000000
RCC.AXIClockFreq_Value=75000000
RCC.CECFreq_Value=32000
RCC.CKPERFreq_Value=64000000
RCC.CortexFreq_Value=75000000
RCC.CpuClockFreq_Value=75000000
RCC.D1CPREFreq_Value=75000000
RCC.DFSDMACLkFreq_Value=50000000
RCC.DFSDMFreq_Value=75000000
RCC.DIVM1=1
RCC.DIVN1=18
RCC.DIVP1Freq_Value=75000000
RCC.DIVP2Freq_Value=16125000
RCC.DIVP3Freq_Value=16125000
RCC.DIVQ1=3
RCC.DIVQ1Freq_Value=50000000
RCC.DIVQ2Freq_Value=16125000
RCC.DIVQ3Freq_Value=16125000
RCC.DIVR1Freq_Value=75000000
RCC.DIVR2Freq_Value=16125000
RCC.DIVR3Freq_Value=16125000
RCC.FDCANFreq_Value=50000000
RCC.FMCFreq_Value=75000000
RCC.FamilyName=M
RCC.HCLK3ClockFreq_Value=75000000
RCC.HCLKFreq_Value=75000000
RCC.HRTIMFreq_Value=75000000
RCC.HSE_VALUE=8000000
RCC.I2C123Freq_Value=75000000
RCC.I2C4Freq_Value=75000000
RCC.IPParameters=ADCFreq_Value,AHB12Freq_Value,AHB4Freq_Value,APB1Freq_Value,APB2Freq_Value,APB3Freq_Value,APB4Freq_Value,AXIClockFreq_Value,CECFreq_Value,CKPERFreq_Value,CortexFreq_Value,CpuClockFreq_Value,D1CPREFreq_Value,DFSDMACLkFreq_Value,DFSDMFreq_Value,DIVM1,DIVN1,DIVP1Freq_Value,DIVP2Freq_Value,DIVP3Freq_Value,DIVQ1,DIVQ1Freq_Value,DIVQ2Freq_Value,DIVQ3Freq_Value,DIVR1Freq_Value,DIVR2Freq_Value,DIVR3Freq_Value,FDCANFreq_Value,FMCFreq_Value,FamilyName,HCLK3ClockFreq_Value,HCLKFreq_Value,HRTIMFreq_Value,HSE_VALUE,I2C123Freq_Value,I2C4Freq_Value,LPTIM1Freq_Value,LPTIM2Freq_Value,LPTIM345Freq_Value,LPUART1Freq_Value,LTDCFreq_Value,MCO1PinFreq_Value,MCO2PinFreq_Value,PLLFRACN,PLLSourceVirtual,PWR_Regulator_Voltage_Scale,QSPIFreq_Value,RNGFreq_Value,RTCFreq_Value,SAI1Freq_Value,SAI23Freq_Value,SAI4AFreq_Value,SAI4BFreq_Value,SDMMCFreq_Value,SPDIFRXFreq_Value,SPI123Freq_Value,SPI45Freq_Value,SPI6Freq_Value,SWPMI1Freq_Value,SYSCLKFreq_VALUE,SYSCLKSource,Tim1OutputFreq_Value,Tim2OutputFreq_Value,TraceFreq_Value,USART16Freq_Value,USART234578Freq_Value,USBFreq_Value,VCO1OutputFreq_Value,VCO2OutputFreq_Value,VCO3OutputFreq_Value,VCOInput1Freq_Value,VCOInput2Freq_Value,VCOInput3Freq_Value
RCC.LPTIM1Freq_Value=75000000
RCC.LPTIM2Freq_Value=75000000
RCC.LPTIM345Freq_Value=75000000
RCC.LPUART1Freq_Value=75000000
RCC.LTDCFreq_Value=16125000
RCC.MCO1PinFreq_Value=64000000
RCC.MCO2PinFreq_Value=75000000
RCC.PLLFRACN=6144
RCC.PLLSourceVirtual=RCC_PLLSOURCE_HSE
RCC.PWR_Regulator_Voltage_Scale=PWR_REGULATOR_VOLTAGE_SCALE2
RCC.QSPIFreq_Value=75000000
RCC.RNGFreq_Value=48000000
RCC.RTCFreq_Value=32000
RCC.SAI1Freq_Value=50000000
RCC.SAI23Freq_Value=50000000
RCC.SAI4AFreq_Value=50000000
RCC.SAI4BFreq_Value=50000000
RCC.SDMMCFreq_Value=50000000
RCC.SPDIFRXFreq_Value=50000000
RCC.SPI123Freq_Value=50000000
RCC.SPI45Freq_Value=75000000
RCC.SPI6Freq_Value=75000000
RCC.SWPMI1Freq_Value=75000000
RCC.SYSCLKFreq_VALUE=75000000
RCC.SYSCLKSource=RCC_SYSCLKSOURCE_PLLCLK
RCC.Tim1OutputFreq_Value=75000000
RCC.Tim2OutputFreq_Value=75000000
RCC.TraceFreq_Value=64000000
RCC.USART16Freq_Value=75000000
RCC.USART234578Freq_Value=75000000
RCC.USBFreq_Value=50000000
RCC.VCO1OutputFreq_Value=150000000
RCC.VCO2OutputFreq_Value=32250000
RCC.VCO3OutputFreq_Value=32250000
RCC.VCOInput1Freq_Value=8000000
RCC.VCOInput2Freq_Value=250000
RCC.VCOInput3Freq_Value=250000
STMicroelectronics.X-CUBE-EEPRMA1.5.1.0.BSP.number=5
STMicroelectronics.X-CUBE-EEPRMA1.5.1.0.BoardOoExtensionJjEEPROM_Checked=true
STMicroelectronics.X-CUBE-EEPRMA1.5.1.0.DeviceJjEEPRMAIiApplications_Checked=true
STMicroelectronics.X-CUBE-EEPRMA1.5.1.0.EEPRMAIiApplicationsCcDeviceJjApplication=EEICA1IiEEPROMRW
STMicroelectronics.X-CUBE-EEPRMA1.5.1.0.EEPROMCcBoardOoExtensionJjEEICA1=true
STMicroelectronics.X-CUBE-EEPRMA1.5.1.0.IPParameters=EEPROMCcBoardOoExtensionJjEEICA1,EEPRMAIiApplicationsCcDeviceJjApplication
STMicroelectronics.X-CUBE-EEPRMA1.5.1.00.BSP.STBoard=false
STMicroelectronics.X-CUBE-EEPRMA1.5.1.00.BSP.api=Unknown
STMicroelectronics.X-CUBE-EEPRMA1.5.1.00.BSP.component=
STMicroelectronics.X-CUBE-EEPRMA1.5.1.00.BSP.condition=SEMEEPROMCcBoardOoExtensionJjEEICA1
STMicroelectronics.X-CUBE-EEPRMA1.5.1.00.BSP.instance=PC0
STMicroelectronics.X-CUBE-EEPRMA1.5.1.00.BSP.ip=GPIO
STMicroelectronics.X-CUBE-EEPRMA1.5.1.00.BSP.mode=Output
STMicroelectronics.X-CUBE-EEPRMA1.5.1.00.BSP.name=EEICA1_M24256_WC1
STMicroelectronics.X-CUBE-EEPRMA1.5.1.00.BSP.semaphore=
STMicroelectronics.X-CUBE-EEPRMA1.5.1.00.BSP.solution=PC0
STMicroelectronics.X-CUBE-EEPRMA1.5.1.01.BSP.STBoard=false
STMicroelectronics.X-CUBE-EEPRMA1.5.1.01.BSP.api=Unknown
STMicroelectronics.X-CUBE-EEPRMA1.5.1.01.BSP.component=
STMicroelectronics.X-CUBE-EEPRMA1.5.1.01.BSP.condition=SEMEEPROMCcBoardOoExtensionJjEEICA1
STMicroelectronics.X-CUBE-EEPRMA1.5.1.01.BSP.instance=PB1
STMicroelectronics.X-CUBE-EEPRMA1.5.1.01.BSP.ip=GPIO
STMicroelectronics.X-CUBE-EEPRMA1.5.1.01.BSP.mode=Output
STMicroelectronics.X-CUBE-EEPRMA1.5.1.01.BSP.name=EEICA1_M24M01_WC2
STMicroelectronics.X-CUBE-EEPRMA1.5.1.01.BSP.semaphore=
STMicroelectronics.X-CUBE-EEPRMA1.5.1.01.BSP.solution=PB1
STMicroelectronics.X-CUBE-EEPRMA1.5.1.02.BSP.STBoard=false
STMicroelectronics.X-CUBE-EEPRMA1.5.1.02.BSP.api=BSP_BUS_DRIVER
STMicroelectronics.X-CUBE-EEPRMA1.5.1.02.BSP.component=
STMicroelectronics.X-CUBE-EEPRMA1.5.1.02.BSP.condition=SEMEEPROMCcBoardOoExtensionJjEEICA1
STMicroelectronics.X-CUBE-EEPRMA1.5.1.02.BSP.instance=I2C1
STMicroelectronics.X-CUBE-EEPRMA1.5.1.02.BSP.ip=I2C
STMicroelectronics.X-CUBE-EEPRMA1.5.1.02.BSP.mode=I2C
STMicroelectronics.X-CUBE-EEPRMA1.5.1.02.BSP.name=EEICA1 M24 BUS IO driver
STMicroelectronics.X-CUBE-EEPRMA1.5.1.02.BSP.semaphore=
STMicroelectronics.X-CUBE-EEPRMA1.5.1.02.BSP.solution=I2C1
STMicroelectronics.X-CUBE-EEPRMA1.5.1.03.BSP.STBoard=false
STMicroelectronics.X-CUBE-EEPRMA1.5.1.03.BSP.api=BSP_COMMON_DRIVER
STMicroelectronics.X-CUBE-EEPRMA1.5.1.03.BSP.component=
STMicroelectronics.X-CUBE-EEPRMA1.5.1.03.BSP.condition=(SEMEEPRMAIiApplicationsCcDeviceJjApplicationJjEEPRMA2IiEEPROMRW | SEMEEPRMAIiApplicationsCcDeviceJjApplicationJjPGEEZ1IiEEPROMRW | SEMEEPRMAIiApplicationsCcDeviceJjApplicationJjEEICA1IiEEPROMRW)
STMicroelectronics.X-CUBE-EEPRMA1.5.1.03.BSP.instance=USART3
STMicroelectronics.X-CUBE-EEPRMA1.5.1.03.BSP.ip=(LPU|US)ART
STMicroelectronics.X-CUBE-EEPRMA1.5.1.03.BSP.mode=Asynchronous
STMicroelectronics.X-CUBE-EEPRMA1.5.1.03.BSP.name=BSP USART
STMicroelectronics.X-CUBE-EEPRMA1.5.1.03.BSP.semaphore=
STMicroelectronics.X-CUBE-EEPRMA1.5.1.03.BSP.solution=USART3
STMicroelectronics.X-CUBE-EEPRMA1.5.1.04.BSP.STBoard=false
STMicroelectronics.X-CUBE-EEPRMA1.5.1.04.BSP.api=Unknown
STMicroelectronics.X-CUBE-EEPRMA1.5.1.04.BSP.component=
STMicroelectronics.X-CUBE-EEPRMA1.5.1.04.BSP.condition=SEMEEPRMAIiApplicationsCcDeviceJjApplicationJjEEICA1IiEEPROMRW
STMicroelectronics.X-CUBE-EEPRMA1.5.1.04.BSP.instance=PE1
STMicroelectronics.X-CUBE-EEPRMA1.5.1.04.BSP.ip=GPIO
STMicroelectronics.X-CUBE-EEPRMA1.5.1.04.BSP.mode=Output
STMicroelectronics.X-CUBE-EEPRMA1.5.1.04.BSP.name=NUCLEO LED
STMicroelectronics.X-CUBE-EEPRMA1.5.1.04.BSP.semaphore=
STMicroelectronics.X-CUBE-EEPRMA1.5.1.04.BSP.solution=PE1
STMicroelectronics.X-CUBE-EEPRMA1.5.1.0_SwParameter=EEPRMAIiApplicationsCcDeviceJjApplication\:EEICA1IiEEPROMRW;EEPROMCcBoardOoExtensionJjEEICA1\:true;
USART3.IPParameters=VirtualMode-Asynchronous
USART3.VirtualMode-Asynchronous=VM_ASYNC
VP_STMicroelectronics.X-CUBE-EEPRMA1_VS_BoardOoExtensionJjEEPROM_5.1.0_5.1.0.Mode=BoardOoExtensionJjEEPROM
VP_STMicroelectronics.X-CUBE-EEPRMA1_VS_BoardOoExtensionJjEEPROM_5.1.0_5.1.0.Signal=STMicroelectronics.X-CUBE-EEPRMA1_VS_BoardOoExtensionJjEEPROM_5.1.0_5.1.0
VP_STMicroelectronics.X-CUBE-EEPRMA1_VS_DeviceJjEEPRMAIiApplications_5.1.0_5.1.0.Mode=DeviceJjEEPRMAIiApplications
VP_STMicroelectronics.X-CUBE-EEPRMA1_VS_DeviceJjEEPRMAIiApplications_5.1.0_5.1.0.Signal=STMicroelectronics.X-CUBE-EEPRMA1_VS_DeviceJjEEPRMAIiApplications_5.1.0_5.1.0
VP_SYS_VS_Systick.Mode=SysTick
VP_SYS_VS_Systick.Signal=SYS_VS_Systick
board=NUCLEO-H743ZI2
boardIOC=true
